
Microsoft Visual Studio Solution File, Format Version 11.00
# Visual Studio 2010
Project("{FAE04EC0-301F-11D3-BF4B-00C04F79EFBC}") = "Assembly-CSharp", "Assembly-CSharp.csproj", "{F8455B8D-544E-1BB2-D60F-B38355BE098E}"
EndProject
Project("{FAE04EC0-301F-11D3-BF4B-00C04F79EFBC}") = "Assembly-CSharp-firstpass", "Assembly-CSharp-firstpass.csproj", "{0772682A-7AEA-E634-772F-E6EE75EFF975}"
EndProject
Project("{FAE04EC0-301F-11D3-BF4B-00C04F79EFBC}") = "Assembly-CSharp-Editor", "Assembly-CSharp-Editor.csproj", "{0C138855-C305-8DFD-FAF9-9BD652299793}"
EndProject
Global
	GlobalSection(SolutionConfigurationPlatforms) = preSolution
		Debug|Any CPU = Debug|Any CPU
		Release|Any CPU = Release|Any CPU
	EndGlobalSection
	GlobalSection(ProjectConfigurationPlatforms) = postSolution
		{F8455B8D-544E-1BB2-D60F-B38355BE098E}.Debug|Any CPU.ActiveCfg = Debug|Any CPU
		{F8455B8D-544E-1BB2-D60F-B38355BE098E}.Debug|Any CPU.Build.0 = Debug|Any CPU
		{F8455B8D-544E-1BB2-D60F-B38355BE098E}.Release|Any CPU.ActiveCfg = Release|Any CPU
		{F8455B8D-544E-1BB2-D60F-B38355BE098E}.Release|Any CPU.Build.0 = Release|Any CPU
		{0772682A-7AEA-E634-772F-E6EE75EFF975}.Debug|Any CPU.ActiveCfg = Debug|Any CPU
		{0772682A-7AEA-E634-772F-E6EE75EFF975}.Debug|Any CPU.Build.0 = Debug|Any CPU
		{0772682A-7AEA-E634-772F-E6EE75EFF975}.Release|Any CPU.ActiveCfg = Release|Any CPU
		{0772682A-7AEA-E634-772F-E6EE75EFF975}.Release|Any CPU.Build.0 = Release|Any CPU
		{0C138855-C305-8DFD-FAF9-9BD652299793}.Debug|Any CPU.ActiveCfg = Debug|Any CPU
		{0C138855-C305-8DFD-FAF9-9BD652299793}.Debug|Any CPU.Build.0 = Debug|Any CPU
		{0C138855-C305-8DFD-FAF9-9BD652299793}.Release|Any CPU.ActiveCfg = Release|Any CPU
		{0C138855-C305-8DFD-FAF9-9BD652299793}.Release|Any CPU.Build.0 = Release|Any CPU
	EndGlobalSection
	GlobalSection(SolutionProperties) = preSolution
		HideSolutionNode = FALSE
	EndGlobalSection
	GlobalSection(MonoDevelopProperties) = preSolution
		StartupItem = Assembly-CSharp.csproj
	EndGlobalSection
EndGlobal
